
Microsoft Visual Studio Solution File, Format Version 12.00
# Visual Studio 15
VisualStudioVersion = 15.0.28307.1000
MinimumVisualStudioVersion = 10.0.40219.1
Project("{8BC9CEB8-8B4A-11D0-8D11-00A0C91BC942}") = "Question6", "Question6\Question6.vcxproj", "{AAB55A51-5CB5-4FCA-A51C-05E24D6736A9}"
EndProject
Global
	GlobalSection(SolutionConfigurationPlatforms) = preSolution
		Debug|x86 = Debug|x86
		Release|x86 = Release|x86
	EndGlobalSection
	GlobalSection(ProjectConfigurationPlatforms) = postSolution
		{AAB55A51-5CB5-4FCA-A51C-05E24D6736A9}.Debug|x86.ActiveCfg = Debug|Win32
		{AAB55A51-5CB5-4FCA-A51C-05E24D6736A9}.Debug|x86.Build.0 = Debug|Win32
		{AAB55A51-5CB5-4FCA-A51C-05E24D6736A9}.Release|x86.ActiveCfg = Release|Win32
		{AAB55A51-5CB5-4FCA-A51C-05E24D6736A9}.Release|x86.Build.0 = Release|Win32
	EndGlobalSection
	GlobalSection(SolutionProperties) = preSolution
		HideSolutionNode = FALSE
	EndGlobalSection
	GlobalSection(ExtensibilityGlobals) = postSolution
		SolutionGuid = {B0B88BFE-06A1-46D2-80E4-575E020690A3}
	EndGlobalSection
EndGlobal
