
Microsoft Visual Studio Solution File, Format Version 12.00
# Visual Studio 15
VisualStudioVersion = 15.0.28307.1000
MinimumVisualStudioVersion = 10.0.40219.1
Project("{8BC9CEB8-8B4A-11D0-8D11-00A0C91BC942}") = "Question5", "Question5\Question5.vcxproj", "{D38A653E-B6FB-4AF6-812A-C60EC9BFF405}"
EndProject
Global
	GlobalSection(SolutionConfigurationPlatforms) = preSolution
		Debug|x86 = Debug|x86
		Release|x86 = Release|x86
	EndGlobalSection
	GlobalSection(ProjectConfigurationPlatforms) = postSolution
		{D38A653E-B6FB-4AF6-812A-C60EC9BFF405}.Debug|x86.ActiveCfg = Debug|Win32
		{D38A653E-B6FB-4AF6-812A-C60EC9BFF405}.Debug|x86.Build.0 = Debug|Win32
		{D38A653E-B6FB-4AF6-812A-C60EC9BFF405}.Release|x86.ActiveCfg = Release|Win32
		{D38A653E-B6FB-4AF6-812A-C60EC9BFF405}.Release|x86.Build.0 = Release|Win32
	EndGlobalSection
	GlobalSection(SolutionProperties) = preSolution
		HideSolutionNode = FALSE
	EndGlobalSection
	GlobalSection(ExtensibilityGlobals) = postSolution
		SolutionGuid = {454B6DE7-7B82-43C1-B402-3A1D0269FD1C}
	EndGlobalSection
EndGlobal
