
Microsoft Visual Studio Solution File, Format Version 12.00
# Visual Studio 15
VisualStudioVersion = 15.0.28307.1000
MinimumVisualStudioVersion = 10.0.40219.1
Project("{8BC9CEB8-8B4A-11D0-8D11-00A0C91BC942}") = "Exercise1", "Exercise1\Exercise1.vcxproj", "{A5AD6122-BF2A-40B7-A49F-5BC26A30D2DF}"
EndProject
Global
	GlobalSection(SolutionConfigurationPlatforms) = preSolution
		Debug|x86 = Debug|x86
		Release|x86 = Release|x86
	EndGlobalSection
	GlobalSection(ProjectConfigurationPlatforms) = postSolution
		{A5AD6122-BF2A-40B7-A49F-5BC26A30D2DF}.Debug|x86.ActiveCfg = Debug|Win32
		{A5AD6122-BF2A-40B7-A49F-5BC26A30D2DF}.Debug|x86.Build.0 = Debug|Win32
		{A5AD6122-BF2A-40B7-A49F-5BC26A30D2DF}.Release|x86.ActiveCfg = Release|Win32
		{A5AD6122-BF2A-40B7-A49F-5BC26A30D2DF}.Release|x86.Build.0 = Release|Win32
	EndGlobalSection
	GlobalSection(SolutionProperties) = preSolution
		HideSolutionNode = FALSE
	EndGlobalSection
	GlobalSection(ExtensibilityGlobals) = postSolution
		SolutionGuid = {2CB93642-291B-4F0E-96F4-3BEDF2027B0C}
	EndGlobalSection
EndGlobal
