
Microsoft Visual Studio Solution File, Format Version 12.00
# Visual Studio 15
VisualStudioVersion = 15.0.28307.1000
MinimumVisualStudioVersion = 10.0.40219.1
Project("{8BC9CEB8-8B4A-11D0-8D11-00A0C91BC942}") = "Exercise3", "Exercise3\Exercise3.vcxproj", "{F4D92315-4735-4462-BDA1-B6C35D8E2C6D}"
EndProject
Global
	GlobalSection(SolutionConfigurationPlatforms) = preSolution
		Debug|x86 = Debug|x86
		Release|x86 = Release|x86
	EndGlobalSection
	GlobalSection(ProjectConfigurationPlatforms) = postSolution
		{F4D92315-4735-4462-BDA1-B6C35D8E2C6D}.Debug|x86.ActiveCfg = Debug|Win32
		{F4D92315-4735-4462-BDA1-B6C35D8E2C6D}.Debug|x86.Build.0 = Debug|Win32
		{F4D92315-4735-4462-BDA1-B6C35D8E2C6D}.Release|x86.ActiveCfg = Release|Win32
		{F4D92315-4735-4462-BDA1-B6C35D8E2C6D}.Release|x86.Build.0 = Release|Win32
	EndGlobalSection
	GlobalSection(SolutionProperties) = preSolution
		HideSolutionNode = FALSE
	EndGlobalSection
	GlobalSection(ExtensibilityGlobals) = postSolution
		SolutionGuid = {B394B1C2-1B47-4308-9DC7-2A7F40DC905B}
	EndGlobalSection
EndGlobal
